{
  "version": 2,
  "dependencies": {
    "net10.0": {
      "auxilia.application": {
        "type": "Project",
        "dependencies": {
          "Auxilia.Contracts": "[1.0.0, )",
          "Auxilia.Diagnostics": "[1.0.0, )",
          "Auxilia.Domain": "[1.0.0, )",
          "Auxilia.SharedKernel": "[1.0.0, )"
        }
      },
      "auxilia.contracts": {
        "type": "Project"
      },
      "auxilia.diagnostics": {
        "type": "Project",
        "dependencies": {
          "Auxilia.SharedKernel": "[1.0.0, )"
        }
      },
      "auxilia.domain": {
        "type": "Project",
        "dependencies": {
          "Auxilia.Diagnostics": "[1.0.0, )",
          "Auxilia.SharedKernel": "[1.0.0, )"
        }
      },
      "auxilia.infrastructure": {
        "type": "Project",
        "dependencies": {
          "Auxilia.Application": "[1.0.0, )",
          "Auxilia.Domain": "[1.0.0, )"
        }
      },
      "auxilia.persistence.catalog": {
        "type": "Project",
        "dependencies": {
          "Auxilia.Application": "[1.0.0, )",
          "Auxilia.Domain": "[1.0.0, )"
        }
      },
      "auxilia.persistence.tenant": {
        "type": "Project",
        "dependencies": {
          "Auxilia.Application": "[1.0.0, )",
          "Auxilia.Domain": "[1.0.0, )"
        }
      },
      "auxilia.sharedkernel": {
        "type": "Project"
      }
    }
  }
}